
Microsoft Visual Studio Solution File, Format Version 12.00
# Visual Studio 15
VisualStudioVersion = 15.0.26403.7
MinimumVisualStudioVersion = 10.0.40219.1
Project("{FAE04EC0-301F-11D3-BF4B-00C04F79EFBC}") = "SSDP.Console.Test.NET", "..\test\Console.Test.NET\SSDP.Console.Test.NET.csproj", "{4550EC29-BFE6-4648-BCAD-785D2846C05E}"
EndProject
Project("{2150E333-8FDC-42A3-9474-1A3956D46DE8}") = "Tests", "Tests", "{1B7C27F1-87A9-4882-9856-EA1BC3908472}"
EndProject
Project("{2150E333-8FDC-42A3-9474-1A3956D46DE8}") = "GitHub", "GitHub", "{015D6024-6202-42B4-92C1-FDD0BE0BFA33}"
	ProjectSection(SolutionItems) = preProject
		..\..\License.md = ..\..\License.md
		..\..\README.md = ..\..\README.md
	EndProjectSection
EndProject
Project("{2150E333-8FDC-42A3-9474-1A3956D46DE8}") = "NuGet", "NuGet", "{8BC53D6F-77B4-48B6-9E02-7CA37AB28631}"
	ProjectSection(SolutionItems) = preProject
		..\build\build.ps1 = ..\build\build.ps1
		..\build\publish.ps1 = ..\build\publish.ps1
		..\build\publishLocal.ps1 = ..\build\publishLocal.ps1
		..\build\SDPP.UPnP.PCL.nuspec = ..\build\SDPP.UPnP.PCL.nuspec
	EndProjectSection
EndProject
Project("{9A19103F-16F7-4668-BE54-9A1E7A4F7556}") = "Console.NETCore.Test", "..\test\Console.NETCore.Test\Console.NETCore.Test.csproj", "{49A9FD1A-7DC6-4035-8BFC-E1EDFAF9CC1E}"
EndProject
Project("{2150E333-8FDC-42A3-9474-1A3956D46DE8}") = "Interface", "Interface", "{FDE3A49E-DCC0-45F4-805F-6EF5A587C453}"
EndProject
Project("{FAE04EC0-301F-11D3-BF4B-00C04F79EFBC}") = "ISSDP.UPnP.Netstandard", "..\interfaces\ISSDP.UPnP.Netstandard\ISSDP.UPnP.Netstandard.csproj", "{2BD29D3B-B6BF-4D12-BEAA-46DE15EA1205}"
EndProject
Project("{FAE04EC0-301F-11D3-BF4B-00C04F79EFBC}") = "SSDP.UPnP.Netstandard", "SSDP.UPnP.Netstandard\SSDP.UPnP.Netstandard.csproj", "{E45219B3-B516-40C7-8958-81ADA0F4A4AC}"
EndProject
Project("{FAE04EC0-301F-11D3-BF4B-00C04F79EFBC}") = "Console.Device.NETCore", "..\test\Console.Device.NETCore\Console.Device.NETCore.csproj", "{23150099-727B-401B-8AF3-2306CA17D68B}"
EndProject
Global
	GlobalSection(SolutionConfigurationPlatforms) = preSolution
		Debug|Any CPU = Debug|Any CPU
		Debug|x64 = Debug|x64
		Debug|x86 = Debug|x86
		Release|Any CPU = Release|Any CPU
		Release|x64 = Release|x64
		Release|x86 = Release|x86
	EndGlobalSection
	GlobalSection(ProjectConfigurationPlatforms) = postSolution
		{4550EC29-BFE6-4648-BCAD-785D2846C05E}.Debug|Any CPU.ActiveCfg = Debug|Any CPU
		{4550EC29-BFE6-4648-BCAD-785D2846C05E}.Debug|Any CPU.Build.0 = Debug|Any CPU
		{4550EC29-BFE6-4648-BCAD-785D2846C05E}.Debug|x64.ActiveCfg = Debug|Any CPU
		{4550EC29-BFE6-4648-BCAD-785D2846C05E}.Debug|x64.Build.0 = Debug|Any CPU
		{4550EC29-BFE6-4648-BCAD-785D2846C05E}.Debug|x86.ActiveCfg = Debug|Any CPU
		{4550EC29-BFE6-4648-BCAD-785D2846C05E}.Debug|x86.Build.0 = Debug|Any CPU
		{4550EC29-BFE6-4648-BCAD-785D2846C05E}.Release|Any CPU.ActiveCfg = Release|Any CPU
		{4550EC29-BFE6-4648-BCAD-785D2846C05E}.Release|Any CPU.Build.0 = Release|Any CPU
		{4550EC29-BFE6-4648-BCAD-785D2846C05E}.Release|x64.ActiveCfg = Release|Any CPU
		{4550EC29-BFE6-4648-BCAD-785D2846C05E}.Release|x64.Build.0 = Release|Any CPU
		{4550EC29-BFE6-4648-BCAD-785D2846C05E}.Release|x86.ActiveCfg = Release|Any CPU
		{4550EC29-BFE6-4648-BCAD-785D2846C05E}.Release|x86.Build.0 = Release|Any CPU
		{49A9FD1A-7DC6-4035-8BFC-E1EDFAF9CC1E}.Debug|Any CPU.ActiveCfg = Debug|Any CPU
		{49A9FD1A-7DC6-4035-8BFC-E1EDFAF9CC1E}.Debug|Any CPU.Build.0 = Debug|Any CPU
		{49A9FD1A-7DC6-4035-8BFC-E1EDFAF9CC1E}.Debug|x64.ActiveCfg = Debug|Any CPU
		{49A9FD1A-7DC6-4035-8BFC-E1EDFAF9CC1E}.Debug|x64.Build.0 = Debug|Any CPU
		{49A9FD1A-7DC6-4035-8BFC-E1EDFAF9CC1E}.Debug|x86.ActiveCfg = Debug|Any CPU
		{49A9FD1A-7DC6-4035-8BFC-E1EDFAF9CC1E}.Debug|x86.Build.0 = Debug|Any CPU
		{49A9FD1A-7DC6-4035-8BFC-E1EDFAF9CC1E}.Release|Any CPU.ActiveCfg = Release|Any CPU
		{49A9FD1A-7DC6-4035-8BFC-E1EDFAF9CC1E}.Release|Any CPU.Build.0 = Release|Any CPU
		{49A9FD1A-7DC6-4035-8BFC-E1EDFAF9CC1E}.Release|x64.ActiveCfg = Release|Any CPU
		{49A9FD1A-7DC6-4035-8BFC-E1EDFAF9CC1E}.Release|x64.Build.0 = Release|Any CPU
		{49A9FD1A-7DC6-4035-8BFC-E1EDFAF9CC1E}.Release|x86.ActiveCfg = Release|Any CPU
		{49A9FD1A-7DC6-4035-8BFC-E1EDFAF9CC1E}.Release|x86.Build.0 = Release|Any CPU
		{2BD29D3B-B6BF-4D12-BEAA-46DE15EA1205}.Debug|Any CPU.ActiveCfg = Debug|Any CPU
		{2BD29D3B-B6BF-4D12-BEAA-46DE15EA1205}.Debug|Any CPU.Build.0 = Debug|Any CPU
		{2BD29D3B-B6BF-4D12-BEAA-46DE15EA1205}.Debug|x64.ActiveCfg = Debug|Any CPU
		{2BD29D3B-B6BF-4D12-BEAA-46DE15EA1205}.Debug|x64.Build.0 = Debug|Any CPU
		{2BD29D3B-B6BF-4D12-BEAA-46DE15EA1205}.Debug|x86.ActiveCfg = Debug|Any CPU
		{2BD29D3B-B6BF-4D12-BEAA-46DE15EA1205}.Debug|x86.Build.0 = Debug|Any CPU
		{2BD29D3B-B6BF-4D12-BEAA-46DE15EA1205}.Release|Any CPU.ActiveCfg = Release|Any CPU
		{2BD29D3B-B6BF-4D12-BEAA-46DE15EA1205}.Release|Any CPU.Build.0 = Release|Any CPU
		{2BD29D3B-B6BF-4D12-BEAA-46DE15EA1205}.Release|x64.ActiveCfg = Release|Any CPU
		{2BD29D3B-B6BF-4D12-BEAA-46DE15EA1205}.Release|x64.Build.0 = Release|Any CPU
		{2BD29D3B-B6BF-4D12-BEAA-46DE15EA1205}.Release|x86.ActiveCfg = Release|Any CPU
		{2BD29D3B-B6BF-4D12-BEAA-46DE15EA1205}.Release|x86.Build.0 = Release|Any CPU
		{E45219B3-B516-40C7-8958-81ADA0F4A4AC}.Debug|Any CPU.ActiveCfg = Debug|Any CPU
		{E45219B3-B516-40C7-8958-81ADA0F4A4AC}.Debug|Any CPU.Build.0 = Debug|Any CPU
		{E45219B3-B516-40C7-8958-81ADA0F4A4AC}.Debug|x64.ActiveCfg = Debug|Any CPU
		{E45219B3-B516-40C7-8958-81ADA0F4A4AC}.Debug|x64.Build.0 = Debug|Any CPU
		{E45219B3-B516-40C7-8958-81ADA0F4A4AC}.Debug|x86.ActiveCfg = Debug|Any CPU
		{E45219B3-B516-40C7-8958-81ADA0F4A4AC}.Debug|x86.Build.0 = Debug|Any CPU
		{E45219B3-B516-40C7-8958-81ADA0F4A4AC}.Release|Any CPU.ActiveCfg = Release|Any CPU
		{E45219B3-B516-40C7-8958-81ADA0F4A4AC}.Release|Any CPU.Build.0 = Release|Any CPU
		{E45219B3-B516-40C7-8958-81ADA0F4A4AC}.Release|x64.ActiveCfg = Release|Any CPU
		{E45219B3-B516-40C7-8958-81ADA0F4A4AC}.Release|x64.Build.0 = Release|Any CPU
		{E45219B3-B516-40C7-8958-81ADA0F4A4AC}.Release|x86.ActiveCfg = Release|Any CPU
		{E45219B3-B516-40C7-8958-81ADA0F4A4AC}.Release|x86.Build.0 = Release|Any CPU
		{23150099-727B-401B-8AF3-2306CA17D68B}.Debug|Any CPU.ActiveCfg = Debug|Any CPU
		{23150099-727B-401B-8AF3-2306CA17D68B}.Debug|Any CPU.Build.0 = Debug|Any CPU
		{23150099-727B-401B-8AF3-2306CA17D68B}.Debug|x64.ActiveCfg = Debug|Any CPU
		{23150099-727B-401B-8AF3-2306CA17D68B}.Debug|x64.Build.0 = Debug|Any CPU
		{23150099-727B-401B-8AF3-2306CA17D68B}.Debug|x86.ActiveCfg = Debug|Any CPU
		{23150099-727B-401B-8AF3-2306CA17D68B}.Debug|x86.Build.0 = Debug|Any CPU
		{23150099-727B-401B-8AF3-2306CA17D68B}.Release|Any CPU.ActiveCfg = Release|Any CPU
		{23150099-727B-401B-8AF3-2306CA17D68B}.Release|Any CPU.Build.0 = Release|Any CPU
		{23150099-727B-401B-8AF3-2306CA17D68B}.Release|x64.ActiveCfg = Release|Any CPU
		{23150099-727B-401B-8AF3-2306CA17D68B}.Release|x64.Build.0 = Release|Any CPU
		{23150099-727B-401B-8AF3-2306CA17D68B}.Release|x86.ActiveCfg = Release|Any CPU
		{23150099-727B-401B-8AF3-2306CA17D68B}.Release|x86.Build.0 = Release|Any CPU
	EndGlobalSection
	GlobalSection(SolutionProperties) = preSolution
		HideSolutionNode = FALSE
	EndGlobalSection
	GlobalSection(NestedProjects) = preSolution
		{4550EC29-BFE6-4648-BCAD-785D2846C05E} = {1B7C27F1-87A9-4882-9856-EA1BC3908472}
		{49A9FD1A-7DC6-4035-8BFC-E1EDFAF9CC1E} = {1B7C27F1-87A9-4882-9856-EA1BC3908472}
		{2BD29D3B-B6BF-4D12-BEAA-46DE15EA1205} = {FDE3A49E-DCC0-45F4-805F-6EF5A587C453}
		{23150099-727B-401B-8AF3-2306CA17D68B} = {1B7C27F1-87A9-4882-9856-EA1BC3908472}
	EndGlobalSection
EndGlobal
