
Microsoft Visual Studio Solution File, Format Version 12.00
# Visual Studio 15
VisualStudioVersion = 15.0.25914.0
MinimumVisualStudioVersion = 10.0.40219.1
Project("{FAE04EC0-301F-11D3-BF4B-00C04F79EFBC}") = "SDPP.UPnP.PCL", "SDPP.UPnP.PCL.csproj", "{0F14E7AD-CF9F-4500-92EB-AE1014C0121B}"
EndProject
Project("{FAE04EC0-301F-11D3-BF4B-00C04F79EFBC}") = "ISSDP.UPnP.PCL", "..\interfaces\ISSDP.UPnP.PCL.csproj", "{EAE66339-8144-4AFE-92E6-3785AFCFBE7D}"
EndProject
Project("{FAE04EC0-301F-11D3-BF4B-00C04F79EFBC}") = "SSDP.Console.Test.NET", "..\test\Console.Test.NET\SSDP.Console.Test.NET.csproj", "{4550EC29-BFE6-4648-BCAD-785D2846C05E}"
EndProject
Project("{2150E333-8FDC-42A3-9474-1A3956D46DE8}") = "Tests", "Tests", "{1B7C27F1-87A9-4882-9856-EA1BC3908472}"
EndProject
Project("{2150E333-8FDC-42A3-9474-1A3956D46DE8}") = "GitHub", "GitHub", "{015D6024-6202-42B4-92C1-FDD0BE0BFA33}"
	ProjectSection(SolutionItems) = preProject
		..\..\License.md = ..\..\License.md
		..\..\README.md = ..\..\README.md
	EndProjectSection
EndProject
Project("{2150E333-8FDC-42A3-9474-1A3956D46DE8}") = "NuGet", "NuGet", "{8BC53D6F-77B4-48B6-9E02-7CA37AB28631}"
	ProjectSection(SolutionItems) = preProject
		..\build\build.ps1 = ..\build\build.ps1
		..\build\publish.ps1 = ..\build\publish.ps1
		..\build\publishLocal.ps1 = ..\build\publishLocal.ps1
		..\build\SDPP.UPnP.PCL.nuspec = ..\build\SDPP.UPnP.PCL.nuspec
	EndProjectSection
EndProject
Project("{FAE04EC0-301F-11D3-BF4B-00C04F79EFBC}") = "SSDP.Console.NETcore.Test", "..\test\SSDP.Console.NETcore.Test\SSDP.Console.NETcore.Test.csproj", "{5456F847-25B5-4377-9C1C-9BA2F9F9A51C}"
EndProject
Global
	GlobalSection(SolutionConfigurationPlatforms) = preSolution
		Debug|Any CPU = Debug|Any CPU
		Release|Any CPU = Release|Any CPU
	EndGlobalSection
	GlobalSection(ProjectConfigurationPlatforms) = postSolution
		{0F14E7AD-CF9F-4500-92EB-AE1014C0121B}.Debug|Any CPU.ActiveCfg = Debug|Any CPU
		{0F14E7AD-CF9F-4500-92EB-AE1014C0121B}.Debug|Any CPU.Build.0 = Debug|Any CPU
		{0F14E7AD-CF9F-4500-92EB-AE1014C0121B}.Release|Any CPU.ActiveCfg = Release|Any CPU
		{0F14E7AD-CF9F-4500-92EB-AE1014C0121B}.Release|Any CPU.Build.0 = Release|Any CPU
		{EAE66339-8144-4AFE-92E6-3785AFCFBE7D}.Debug|Any CPU.ActiveCfg = Debug|Any CPU
		{EAE66339-8144-4AFE-92E6-3785AFCFBE7D}.Debug|Any CPU.Build.0 = Debug|Any CPU
		{EAE66339-8144-4AFE-92E6-3785AFCFBE7D}.Release|Any CPU.ActiveCfg = Release|Any CPU
		{EAE66339-8144-4AFE-92E6-3785AFCFBE7D}.Release|Any CPU.Build.0 = Release|Any CPU
		{4550EC29-BFE6-4648-BCAD-785D2846C05E}.Debug|Any CPU.ActiveCfg = Debug|Any CPU
		{4550EC29-BFE6-4648-BCAD-785D2846C05E}.Debug|Any CPU.Build.0 = Debug|Any CPU
		{4550EC29-BFE6-4648-BCAD-785D2846C05E}.Release|Any CPU.ActiveCfg = Release|Any CPU
		{4550EC29-BFE6-4648-BCAD-785D2846C05E}.Release|Any CPU.Build.0 = Release|Any CPU
		{5456F847-25B5-4377-9C1C-9BA2F9F9A51C}.Debug|Any CPU.ActiveCfg = Debug|Any CPU
		{5456F847-25B5-4377-9C1C-9BA2F9F9A51C}.Debug|Any CPU.Build.0 = Debug|Any CPU
		{5456F847-25B5-4377-9C1C-9BA2F9F9A51C}.Release|Any CPU.ActiveCfg = Release|Any CPU
		{5456F847-25B5-4377-9C1C-9BA2F9F9A51C}.Release|Any CPU.Build.0 = Release|Any CPU
	EndGlobalSection
	GlobalSection(SolutionProperties) = preSolution
		HideSolutionNode = FALSE
	EndGlobalSection
	GlobalSection(NestedProjects) = preSolution
		{4550EC29-BFE6-4648-BCAD-785D2846C05E} = {1B7C27F1-87A9-4882-9856-EA1BC3908472}
		{5456F847-25B5-4377-9C1C-9BA2F9F9A51C} = {1B7C27F1-87A9-4882-9856-EA1BC3908472}
	EndGlobalSection
EndGlobal
